# THIS IS AN AUTOGENERATED FILE. DO NOT EDIT THIS FILE DIRECTLY.
# yarn lockfile v1


arg@^4.1.0:
  version "4.1.3"
  resolved "https://registry.npm.taobao.org/arg/download/arg-4.1.3.tgz#269fc7ad5b8e42cb63c896d5666017261c144089"
  integrity sha1-Jp/HrVuOQstjyJbVZmAXJhwUQIk=

buffer-from@^1.0.0:
  version "1.1.1"
  resolved "https://registry.npm.taobao.org/buffer-from/download/buffer-from-1.1.1.tgz#32713bc028f75c02fdb710d7c7bcec1f2c6070ef"
  integrity sha1-MnE7wCj3XAL9txDXx7zsHyxgcO8=

create-require@^1.1.0:
  version "1.1.1"
  resolved "https://registry.npm.taobao.org/create-require/download/create-require-1.1.1.tgz#c1d7e8f1e5f6cfc9ff65f9cd352d37348756c333"
  integrity sha1-wdfo8eX2z8n/ZfnNNS03NIdWwzM=

diff@^4.0.1:
  version "4.0.2"
  resolved "https://registry.npm.taobao.org/diff/download/diff-4.0.2.tgz?cache=0&sync_timestamp=1604803704119&other_urls=https%3A%2F%2Fregistry.npm.taobao.org%2Fdiff%2Fdownload%2Fdiff-4.0.2.tgz#60f3aecb89d5fae520c11aa19efc2bb982aade7d"
  integrity sha1-YPOuy4nV+uUgwRqhnvwruYKq3n0=

function-bind@^1.1.1:
  version "1.1.1"
  resolved "https://registry.npm.taobao.org/function-bind/download/function-bind-1.1.1.tgz#a56899d3ea3c9bab874bb9773b7c5ede92f4895d"
  integrity sha1-pWiZ0+o8m6uHS7l3O3xe3pL0iV0=

get-caller-file@^1.0.2:
  version "1.0.3"
  resolved "https://registry.npm.taobao.org/get-caller-file/download/get-caller-file-1.0.3.tgz#f978fa4c90d1dfe7ff2d6beda2a515e713bdcf4a"
  integrity sha1-+Xj6TJDR3+f/LWvtoqUV5xO9z0o=

global-dirs@^0.1.1:
  version "0.1.1"
  resolved "https://registry.npm.taobao.org/global-dirs/download/global-dirs-0.1.1.tgz?cache=0&sync_timestamp=1610457498017&other_urls=https%3A%2F%2Fregistry.npm.taobao.org%2Fglobal-dirs%2Fdownload%2Fglobal-dirs-0.1.1.tgz#b319c0dd4607f353f3be9cca4c72fc148c49f445"
  integrity sha1-sxnA3UYH81PzvpzKTHL8FIxJ9EU=
  dependencies:
    ini "^1.3.4"

has@^1.0.3:
  version "1.0.3"
  resolved "https://registry.npm.taobao.org/has/download/has-1.0.3.tgz#722d7cbfc1f6aa8241f16dd814e011e1f41e8796"
  integrity sha1-ci18v8H2qoJB8W3YFOAR4fQeh5Y=
  dependencies:
    function-bind "^1.1.1"

ini@^1.3.4:
  version "1.3.8"
  resolved "https://registry.npm.taobao.org/ini/download/ini-1.3.8.tgz#a29da425b48806f34767a4efce397269af28432c"
  integrity sha1-op2kJbSIBvNHZ6Tvzjlyaa8oQyw=

is-core-module@^2.1.0:
  version "2.2.0"
  resolved "https://registry.npm.taobao.org/is-core-module/download/is-core-module-2.2.0.tgz#97037ef3d52224d85163f5597b2b63d9afed981a"
  integrity sha1-lwN+89UiJNhRY/VZeytj2a/tmBo=
  dependencies:
    has "^1.0.3"

lua-types@^2.8.0:
  version "2.8.0"
  resolved "https://registry.npm.taobao.org/lua-types/download/lua-types-2.8.0.tgz#4514f5c31b7418d3d6af0728023fefb160bc01b0"
  integrity sha1-RRT1wxt0GNPWrwcoAj/vsWC8AbA=

make-error@^1.1.1:
  version "1.3.6"
  resolved "https://registry.npm.taobao.org/make-error/download/make-error-1.3.6.tgz#2eb2e37ea9b67c4891f684a1394799af484cf7a2"
  integrity sha1-LrLjfqm2fEiR9oShOUeZr0hM96I=

mock-require@^3.0.3:
  version "3.0.3"
  resolved "https://registry.npm.taobao.org/mock-require/download/mock-require-3.0.3.tgz#ccd544d9eae81dd576b3f219f69ec867318a1946"
  integrity sha1-zNVE2eroHdV2s/IZ9p7IZzGKGUY=
  dependencies:
    get-caller-file "^1.0.2"
    normalize-path "^2.1.1"

normalize-path@^2.1.1:
  version "2.1.1"
  resolved "https://registry.npm.taobao.org/normalize-path/download/normalize-path-2.1.1.tgz#1ab28b556e198363a8c1a6f7e6fa20137fe6aed9"
  integrity sha1-GrKLVW4Zg2Oowab35vogE3/mrtk=
  dependencies:
    remove-trailing-separator "^1.0.1"

path-parse@^1.0.6:
  version "1.0.6"
  resolved "https://registry.npm.taobao.org/path-parse/download/path-parse-1.0.6.tgz#d62dbb5679405d72c4737ec58600e9ddcf06d24c"
  integrity sha1-1i27VnlAXXLEc37FhgDp3c8G0kw=

remove-trailing-separator@^1.0.1:
  version "1.1.0"
  resolved "https://registry.npm.taobao.org/remove-trailing-separator/download/remove-trailing-separator-1.1.0.tgz#c24bce2a283adad5bc3f58e0d48249b92379d8ef"
  integrity sha1-wkvOKig62tW8P1jg1IJJuSN52O8=

resolve-from@^5.0.0:
  version "5.0.0"
  resolved "https://registry.npm.taobao.org/resolve-from/download/resolve-from-5.0.0.tgz#c35225843df8f776df21c57557bc087e9dfdfc69"
  integrity sha1-w1IlhD3493bfIcV1V7wIfp39/Gk=

resolve-global@^1.0.0:
  version "1.0.0"
  resolved "https://registry.npm.taobao.org/resolve-global/download/resolve-global-1.0.0.tgz#a2a79df4af2ca3f49bf77ef9ddacd322dad19255"
  integrity sha1-oqed9K8so/Sb93753azTItrRklU=
  dependencies:
    global-dirs "^0.1.1"

resolve@^1.15.1:
  version "1.19.0"
  resolved "https://registry.npm.taobao.org/resolve/download/resolve-1.19.0.tgz#1af5bf630409734a067cae29318aac7fa29a267c"
  integrity sha1-GvW/YwQJc0oGfK4pMYqsf6KaJnw=
  dependencies:
    is-core-module "^2.1.0"
    path-parse "^1.0.6"

source-map-support@^0.5.17:
  version "0.5.19"
  resolved "https://registry.npm.taobao.org/source-map-support/download/source-map-support-0.5.19.tgz#a98b62f86dcaf4f67399648c085291ab9e8fed61"
  integrity sha1-qYti+G3K9PZzmWSMCFKRq56P7WE=
  dependencies:
    buffer-from "^1.0.0"
    source-map "^0.6.0"

source-map@^0.6.0:
  version "0.6.1"
  resolved "https://registry.npm.taobao.org/source-map/download/source-map-0.6.1.tgz?cache=0&sync_timestamp=1598275560784&other_urls=https%3A%2F%2Fregistry.npm.taobao.org%2Fsource-map%2Fdownload%2Fsource-map-0.6.1.tgz#74722af32e9614e9c287a8d0bbde48b5e2f1a263"
  integrity sha1-dHIq8y6WFOnCh6jQu95IteLxomM=

source-map@^0.7.3:
  version "0.7.3"
  resolved "https://registry.npm.taobao.org/source-map/download/source-map-0.7.3.tgz?cache=0&sync_timestamp=1598275560784&other_urls=https%3A%2F%2Fregistry.npm.taobao.org%2Fsource-map%2Fdownload%2Fsource-map-0.7.3.tgz#5302f8169031735226544092e64981f751750383"
  integrity sha1-UwL4FpAxc1ImVECS5kmB91F1A4M=

ts-node@^9.1.1:
  version "9.1.1"
  resolved "https://registry.npm.taobao.org/ts-node/download/ts-node-9.1.1.tgz#51a9a450a3e959401bda5f004a72d54b936d376d"
  integrity sha1-UamkUKPpWUAb2l8ASnLVS5NtN20=
  dependencies:
    arg "^4.1.0"
    create-require "^1.1.0"
    diff "^4.0.1"
    make-error "^1.1.1"
    source-map-support "^0.5.17"
    yn "3.1.1"

tslib@^2.0.0:
  version "2.1.0"
  resolved "https://registry.npm.taobao.org/tslib/download/tslib-2.1.0.tgz?cache=0&sync_timestamp=1609887895137&other_urls=https%3A%2F%2Fregistry.npm.taobao.org%2Ftslib%2Fdownload%2Ftslib-2.1.0.tgz#da60860f1c2ecaa5703ab7d39bc05b6bf988b97a"
  integrity sha1-2mCGDxwuyqVwOrfTm8Bba/mIuXo=

typescript-to-lua@^0.35.0:
  version "0.35.0"
  resolved "https://registry.npm.taobao.org/typescript-to-lua/download/typescript-to-lua-0.35.0.tgz#abe468401ff7679abbd267c4faecfeef81bf0857"
  integrity sha1-q+RoQB/3Z5q70mfE+uz+74G/CFc=
  dependencies:
    resolve "^1.15.1"
    source-map "^0.7.3"
    typescript "^3.9.2"

typescript-to-lua@^0.37.1:
  version "0.37.1"
  resolved "https://registry.npm.taobao.org/typescript-to-lua/download/typescript-to-lua-0.37.1.tgz#8d759596140250577344c75d98e3b1821c9f53ec"
  integrity sha1-jXWVlhQCUFdzRMddmOOxghyfU+w=
  dependencies:
    resolve "^1.15.1"
    source-map "^0.7.3"
    typescript ">=4.0.2"

typescript-tstl-plugin@^0.2.0:
  version "0.2.0"
  resolved "https://registry.npm.taobao.org/typescript-tstl-plugin/download/typescript-tstl-plugin-0.2.0.tgz#370e88741201190fe471b0726268740c1685990b"
  integrity sha1-Nw6IdBIBGQ/kcbByYmh0DBaFmQs=
  dependencies:
    mock-require "^3.0.3"
    resolve-from "^5.0.0"
    resolve-global "^1.0.0"
    tslib "^2.0.0"
    typescript-to-lua "^0.35.0"

typescript@>=4.0.2:
  version "4.1.3"
  resolved "https://registry.npm.taobao.org/typescript/download/typescript-4.1.3.tgz#519d582bd94cba0cf8934c7d8e8467e473f53bb7"
  integrity sha1-UZ1YK9lMugz4k0x9joRn5HP1O7c=

typescript@^3.9.2:
  version "3.9.7"
  resolved "https://registry.npm.taobao.org/typescript/download/typescript-3.9.7.tgz#98d600a5ebdc38f40cb277522f12dc800e9e25fa"
  integrity sha1-mNYApevcOPQMsndSLxLcgA6eJfo=

typescript@^4.1.3:
  version "4.1.3"
  resolved "https://registry.npm.taobao.org/typescript/download/typescript-4.1.3.tgz?cache=0&sync_timestamp=1612509553173&other_urls=https%3A%2F%2Fregistry.npm.taobao.org%2Ftypescript%2Fdownload%2Ftypescript-4.1.3.tgz#519d582bd94cba0cf8934c7d8e8467e473f53bb7"
  integrity sha1-UZ1YK9lMugz4k0x9joRn5HP1O7c=

yn@3.1.1:
  version "3.1.1"
  resolved "https://registry.npm.taobao.org/yn/download/yn-3.1.1.tgz#1e87401a09d767c1d5eab26a6e4c185182d2eb50"
  integrity sha1-HodAGgnXZ8HV6rJqbkwYUYLS61A=
